
Microsoft Visual Studio Solution File, Format Version 12.00
# Visual Studio Version 16
VisualStudioVersion = 16.0.30621.155
MinimumVisualStudioVersion = 10.0.40219.1
Project("{FAE04EC0-301F-11D3-BF4B-00C04F79EFBC}") = "projetoforms", "projetoforms\projetoforms.csproj", "{44B7D627-B236-4CB1-ADBD-CB157B1DCCA6}"
EndProject
Global
	GlobalSection(SolutionConfigurationPlatforms) = preSolution
		Debug|Any CPU = Debug|Any CPU
		Release|Any CPU = Release|Any CPU
	EndGlobalSection
	GlobalSection(ProjectConfigurationPlatforms) = postSolution
		{44B7D627-B236-4CB1-ADBD-CB157B1DCCA6}.Debug|Any CPU.ActiveCfg = Debug|Any CPU
		{44B7D627-B236-4CB1-ADBD-CB157B1DCCA6}.Debug|Any CPU.Build.0 = Debug|Any CPU
		{44B7D627-B236-4CB1-ADBD-CB157B1DCCA6}.Release|Any CPU.ActiveCfg = Release|Any CPU
		{44B7D627-B236-4CB1-ADBD-CB157B1DCCA6}.Release|Any CPU.Build.0 = Release|Any CPU
	EndGlobalSection
	GlobalSection(SolutionProperties) = preSolution
		HideSolutionNode = FALSE
	EndGlobalSection
	GlobalSection(ExtensibilityGlobals) = postSolution
		SolutionGuid = {C2624350-7FDE-4ABE-B631-E4BA4D89ADE1}
	EndGlobalSection
EndGlobal
